
Microsoft Visual Studio Solution File, Format Version 12.00
# Visual Studio Version 16
VisualStudioVersion = 16.0.30711.63
MinimumVisualStudioVersion = 10.0.40219.1
Project("{FAE04EC0-301F-11D3-BF4B-00C04F79EFBC}") = "MVCFilmi_2", "MVCFilmi_2\MVCFilmi_2.csproj", "{4629A35E-28B0-45A3-BAA6-6B7B9F6E9C42}"
EndProject
Global
	GlobalSection(SolutionConfigurationPlatforms) = preSolution
		Debug|Any CPU = Debug|Any CPU
		Release|Any CPU = Release|Any CPU
	EndGlobalSection
	GlobalSection(ProjectConfigurationPlatforms) = postSolution
		{4629A35E-28B0-45A3-BAA6-6B7B9F6E9C42}.Debug|Any CPU.ActiveCfg = Debug|Any CPU
		{4629A35E-28B0-45A3-BAA6-6B7B9F6E9C42}.Debug|Any CPU.Build.0 = Debug|Any CPU
		{4629A35E-28B0-45A3-BAA6-6B7B9F6E9C42}.Release|Any CPU.ActiveCfg = Release|Any CPU
		{4629A35E-28B0-45A3-BAA6-6B7B9F6E9C42}.Release|Any CPU.Build.0 = Release|Any CPU
	EndGlobalSection
	GlobalSection(SolutionProperties) = preSolution
		HideSolutionNode = FALSE
	EndGlobalSection
	GlobalSection(ExtensibilityGlobals) = postSolution
		SolutionGuid = {EC8B7A2B-ACD0-466F-B468-B32FD9A0DE25}
	EndGlobalSection
EndGlobal
